
Microsoft Visual Studio Solution File, Format Version 12.00
# Visual Studio 15
VisualStudioVersion = 15.0.27428.2005
MinimumVisualStudioVersion = 10.0.40219.1
Project("{FAE04EC0-301F-11D3-BF4B-00C04F79EFBC}") = "NetworkTrainer", "NetworkTrainer\NetworkTrainer.csproj", "{DA4415FA-B424-4233-BB57-C79B617B04AB}"
EndProject
Project("{FAE04EC0-301F-11D3-BF4B-00C04F79EFBC}") = "NeuralNetwork", "NeuralNetwork\NeuralNetwork.csproj", "{7048D4CF-F5D9-40EB-8BFF-9FFBEF9C3504}"
EndProject
Project("{FAE04EC0-301F-11D3-BF4B-00C04F79EFBC}") = "IdxHelper", "IdxHelper\IdxHelper.csproj", "{C44683C1-B2F0-46B1-A2E0-F9A701CC51A4}"
EndProject
Global
	GlobalSection(SolutionConfigurationPlatforms) = preSolution
		Debug|Any CPU = Debug|Any CPU
		Release|Any CPU = Release|Any CPU
	EndGlobalSection
	GlobalSection(ProjectConfigurationPlatforms) = postSolution
		{DA4415FA-B424-4233-BB57-C79B617B04AB}.Debug|Any CPU.ActiveCfg = Debug|Any CPU
		{DA4415FA-B424-4233-BB57-C79B617B04AB}.Debug|Any CPU.Build.0 = Debug|Any CPU
		{DA4415FA-B424-4233-BB57-C79B617B04AB}.Release|Any CPU.ActiveCfg = Release|Any CPU
		{DA4415FA-B424-4233-BB57-C79B617B04AB}.Release|Any CPU.Build.0 = Release|Any CPU
		{7048D4CF-F5D9-40EB-8BFF-9FFBEF9C3504}.Debug|Any CPU.ActiveCfg = Debug|Any CPU
		{7048D4CF-F5D9-40EB-8BFF-9FFBEF9C3504}.Debug|Any CPU.Build.0 = Debug|Any CPU
		{7048D4CF-F5D9-40EB-8BFF-9FFBEF9C3504}.Release|Any CPU.ActiveCfg = Release|Any CPU
		{7048D4CF-F5D9-40EB-8BFF-9FFBEF9C3504}.Release|Any CPU.Build.0 = Release|Any CPU
		{C44683C1-B2F0-46B1-A2E0-F9A701CC51A4}.Debug|Any CPU.ActiveCfg = Debug|Any CPU
		{C44683C1-B2F0-46B1-A2E0-F9A701CC51A4}.Debug|Any CPU.Build.0 = Debug|Any CPU
		{C44683C1-B2F0-46B1-A2E0-F9A701CC51A4}.Release|Any CPU.ActiveCfg = Release|Any CPU
		{C44683C1-B2F0-46B1-A2E0-F9A701CC51A4}.Release|Any CPU.Build.0 = Release|Any CPU
	EndGlobalSection
	GlobalSection(SolutionProperties) = preSolution
		HideSolutionNode = FALSE
	EndGlobalSection
	GlobalSection(ExtensibilityGlobals) = postSolution
		SolutionGuid = {ACE296E9-2060-4C8F-B4BC-03ACE5210B2B}
	EndGlobalSection
EndGlobal
